
Microsoft Visual Studio Solution File, Format Version 12.00
# Visual Studio Version 17
VisualStudioVersion = 17.7.34009.444
MinimumVisualStudioVersion = 10.0.40219.1
Project("{2150E333-8FDC-42A3-9474-1A3956D46DE8}") = "src", "src", "{667F4781-5E88-41B3-A8DD-A595320DB88E}"
EndProject
Project("{2150E333-8FDC-42A3-9474-1A3956D46DE8}") = "AShop.CatalogService", "AShop.CatalogService", "{D3276FB5-A36A-45B9-8509-C15AB6C69A3B}"
EndProject
Project("{9A19103F-16F7-4668-BE54-9A1E7A4F7556}") = "01-Domain", "src\AShop.CatalogService\01-Domain\01-Domain.csproj", "{44C512F8-4F2A-4413-BAFD-7386C9A3F650}"
EndProject
Project("{9A19103F-16F7-4668-BE54-9A1E7A4F7556}") = "02-Persistence", "src\AShop.CatalogService\02-Persistence\02-Persistence.csproj", "{30AE3044-88A6-42CB-A273-90DC685F92E0}"
EndProject
Project("{9A19103F-16F7-4668-BE54-9A1E7A4F7556}") = "99-CatalogApi", "src\AShop.CatalogService\99-CatalogApi\99-CatalogApi.csproj", "{474FC3CE-C434-4120-9B4F-0C8DB0F35B70}"
EndProject
Project("{E53339B2-1760-4266-BCC7-CA923CBCF16C}") = "docker-compose", "docker-compose.dcproj", "{81F7F047-894B-44ED-91B8-657D170A1B74}"
EndProject
Project("{2150E333-8FDC-42A3-9474-1A3956D46DE8}") = "AShop.BasketService", "AShop.BasketService", "{7931DA37-1315-42D8-AD7B-E213220ECA2C}"
EndProject
Project("{9A19103F-16F7-4668-BE54-9A1E7A4F7556}") = "Basket", "src\AShop.BasketService\Basket\Basket.csproj", "{0AA22379-A59B-40C0-9A74-F42C43A94AAA}"
EndProject
Project("{2150E333-8FDC-42A3-9474-1A3956D46DE8}") = "AShop.DiscountService", "AShop.DiscountService", "{35BC331C-2867-4C02-A08E-9247AF8A6183}"
EndProject
Project("{9A19103F-16F7-4668-BE54-9A1E7A4F7556}") = "Discount", "src\AShop.DiscountService\Discount\Discount.csproj", "{08DF7DF9-719C-4E67-8DB7-3395A809FAEB}"
EndProject
Project("{2150E333-8FDC-42A3-9474-1A3956D46DE8}") = "ApiGateways", "ApiGateways", "{ED0190D5-6CA2-4DC8-A34D-21A1064B6E13}"
EndProject
Project("{9A19103F-16F7-4668-BE54-9A1E7A4F7556}") = "OcelotApiGw", "src\ApiGateways\OcelotApiGw\OcelotApiGw.csproj", "{ED4AAB65-7D8D-4894-869B-7232C56D6A22}"
EndProject
Project("{9A19103F-16F7-4668-BE54-9A1E7A4F7556}") = "Shopping.Aggregator", "src\ApiGateways\Shopping.Aggregator\Shopping.Aggregator.csproj", "{317DF99C-BC9A-4072-AF2C-AC35B300C980}"
EndProject
Project("{2150E333-8FDC-42A3-9474-1A3956D46DE8}") = "Solution Items", "Solution Items", "{91E36EB6-A84C-4A55-8BC2-B504E4F0523B}"
	ProjectSection(SolutionItems) = preProject
		.dockerignore = .dockerignore
		.gitattributes = .gitattributes
		.gitignore = .gitignore
		Directory.Build.props = Directory.Build.props
	EndProjectSection
EndProject
Project("{2150E333-8FDC-42A3-9474-1A3956D46DE8}") = "BuildingBlocks", "BuildingBlocks", "{CEF1D20B-A780-4488-8BDA-B00713EA243C}"
EndProject
Project("{9A19103F-16F7-4668-BE54-9A1E7A4F7556}") = "EventBus.Messages", "src\BuildingBlocks\EventBus.Messages\EventBus.Messages.csproj", "{F56D0E7B-442F-472C-896F-AD4A1C12A69F}"
EndProject
Project("{2150E333-8FDC-42A3-9474-1A3956D46DE8}") = "AShop.OrderingService", "AShop.OrderingService", "{1FB6B279-21F1-467C-9F2F-AEB73046FCA0}"
EndProject
Project("{9A19103F-16F7-4668-BE54-9A1E7A4F7556}") = "Ordering.Domain", "src\AShop.OrderingService\Ordering.Domain\Ordering.Domain.csproj", "{BE2E7EE8-2E62-4179-A0AC-59D0E01AF16D}"
EndProject
Project("{9A19103F-16F7-4668-BE54-9A1E7A4F7556}") = "Ordering.Application", "src\AShop.OrderingService\Ordering.Application\Ordering.Application.csproj", "{ED2D3684-1AA6-4156-BECF-F8C1EB0FB8F8}"
EndProject
Project("{9A19103F-16F7-4668-BE54-9A1E7A4F7556}") = "Ordering.Infrastructure", "src\AShop.OrderingService\Ordering.Infrastructure\Ordering.Infrastructure.csproj", "{843991E3-BD27-493B-9753-85BE8EB36808}"
EndProject
Project("{9A19103F-16F7-4668-BE54-9A1E7A4F7556}") = "Ordering.API", "src\AShop.OrderingService\Ordering.API\Ordering.API.csproj", "{571F594A-9ECA-4A7A-81B9-DF45CF49A54A}"
EndProject
Global
	GlobalSection(SolutionConfigurationPlatforms) = preSolution
		Debug|Any CPU = Debug|Any CPU
		Release|Any CPU = Release|Any CPU
	EndGlobalSection
	GlobalSection(ProjectConfigurationPlatforms) = postSolution
		{44C512F8-4F2A-4413-BAFD-7386C9A3F650}.Debug|Any CPU.ActiveCfg = Debug|Any CPU
		{44C512F8-4F2A-4413-BAFD-7386C9A3F650}.Debug|Any CPU.Build.0 = Debug|Any CPU
		{44C512F8-4F2A-4413-BAFD-7386C9A3F650}.Release|Any CPU.ActiveCfg = Release|Any CPU
		{44C512F8-4F2A-4413-BAFD-7386C9A3F650}.Release|Any CPU.Build.0 = Release|Any CPU
		{30AE3044-88A6-42CB-A273-90DC685F92E0}.Debug|Any CPU.ActiveCfg = Debug|Any CPU
		{30AE3044-88A6-42CB-A273-90DC685F92E0}.Debug|Any CPU.Build.0 = Debug|Any CPU
		{30AE3044-88A6-42CB-A273-90DC685F92E0}.Release|Any CPU.ActiveCfg = Release|Any CPU
		{30AE3044-88A6-42CB-A273-90DC685F92E0}.Release|Any CPU.Build.0 = Release|Any CPU
		{474FC3CE-C434-4120-9B4F-0C8DB0F35B70}.Debug|Any CPU.ActiveCfg = Debug|Any CPU
		{474FC3CE-C434-4120-9B4F-0C8DB0F35B70}.Debug|Any CPU.Build.0 = Debug|Any CPU
		{474FC3CE-C434-4120-9B4F-0C8DB0F35B70}.Release|Any CPU.ActiveCfg = Release|Any CPU
		{474FC3CE-C434-4120-9B4F-0C8DB0F35B70}.Release|Any CPU.Build.0 = Release|Any CPU
		{81F7F047-894B-44ED-91B8-657D170A1B74}.Debug|Any CPU.ActiveCfg = Debug|Any CPU
		{81F7F047-894B-44ED-91B8-657D170A1B74}.Debug|Any CPU.Build.0 = Debug|Any CPU
		{81F7F047-894B-44ED-91B8-657D170A1B74}.Release|Any CPU.ActiveCfg = Release|Any CPU
		{81F7F047-894B-44ED-91B8-657D170A1B74}.Release|Any CPU.Build.0 = Release|Any CPU
		{0AA22379-A59B-40C0-9A74-F42C43A94AAA}.Debug|Any CPU.ActiveCfg = Debug|Any CPU
		{0AA22379-A59B-40C0-9A74-F42C43A94AAA}.Debug|Any CPU.Build.0 = Debug|Any CPU
		{0AA22379-A59B-40C0-9A74-F42C43A94AAA}.Release|Any CPU.ActiveCfg = Release|Any CPU
		{0AA22379-A59B-40C0-9A74-F42C43A94AAA}.Release|Any CPU.Build.0 = Release|Any CPU
		{08DF7DF9-719C-4E67-8DB7-3395A809FAEB}.Debug|Any CPU.ActiveCfg = Debug|Any CPU
		{08DF7DF9-719C-4E67-8DB7-3395A809FAEB}.Debug|Any CPU.Build.0 = Debug|Any CPU
		{08DF7DF9-719C-4E67-8DB7-3395A809FAEB}.Release|Any CPU.ActiveCfg = Release|Any CPU
		{08DF7DF9-719C-4E67-8DB7-3395A809FAEB}.Release|Any CPU.Build.0 = Release|Any CPU
		{ED4AAB65-7D8D-4894-869B-7232C56D6A22}.Debug|Any CPU.ActiveCfg = Debug|Any CPU
		{ED4AAB65-7D8D-4894-869B-7232C56D6A22}.Debug|Any CPU.Build.0 = Debug|Any CPU
		{ED4AAB65-7D8D-4894-869B-7232C56D6A22}.Release|Any CPU.ActiveCfg = Release|Any CPU
		{ED4AAB65-7D8D-4894-869B-7232C56D6A22}.Release|Any CPU.Build.0 = Release|Any CPU
		{317DF99C-BC9A-4072-AF2C-AC35B300C980}.Debug|Any CPU.ActiveCfg = Debug|Any CPU
		{317DF99C-BC9A-4072-AF2C-AC35B300C980}.Debug|Any CPU.Build.0 = Debug|Any CPU
		{317DF99C-BC9A-4072-AF2C-AC35B300C980}.Release|Any CPU.ActiveCfg = Release|Any CPU
		{317DF99C-BC9A-4072-AF2C-AC35B300C980}.Release|Any CPU.Build.0 = Release|Any CPU
		{F56D0E7B-442F-472C-896F-AD4A1C12A69F}.Debug|Any CPU.ActiveCfg = Debug|Any CPU
		{F56D0E7B-442F-472C-896F-AD4A1C12A69F}.Debug|Any CPU.Build.0 = Debug|Any CPU
		{F56D0E7B-442F-472C-896F-AD4A1C12A69F}.Release|Any CPU.ActiveCfg = Release|Any CPU
		{F56D0E7B-442F-472C-896F-AD4A1C12A69F}.Release|Any CPU.Build.0 = Release|Any CPU
		{BE2E7EE8-2E62-4179-A0AC-59D0E01AF16D}.Debug|Any CPU.ActiveCfg = Debug|Any CPU
		{BE2E7EE8-2E62-4179-A0AC-59D0E01AF16D}.Debug|Any CPU.Build.0 = Debug|Any CPU
		{BE2E7EE8-2E62-4179-A0AC-59D0E01AF16D}.Release|Any CPU.ActiveCfg = Release|Any CPU
		{BE2E7EE8-2E62-4179-A0AC-59D0E01AF16D}.Release|Any CPU.Build.0 = Release|Any CPU
		{ED2D3684-1AA6-4156-BECF-F8C1EB0FB8F8}.Debug|Any CPU.ActiveCfg = Debug|Any CPU
		{ED2D3684-1AA6-4156-BECF-F8C1EB0FB8F8}.Debug|Any CPU.Build.0 = Debug|Any CPU
		{ED2D3684-1AA6-4156-BECF-F8C1EB0FB8F8}.Release|Any CPU.ActiveCfg = Release|Any CPU
		{ED2D3684-1AA6-4156-BECF-F8C1EB0FB8F8}.Release|Any CPU.Build.0 = Release|Any CPU
		{843991E3-BD27-493B-9753-85BE8EB36808}.Debug|Any CPU.ActiveCfg = Debug|Any CPU
		{843991E3-BD27-493B-9753-85BE8EB36808}.Debug|Any CPU.Build.0 = Debug|Any CPU
		{843991E3-BD27-493B-9753-85BE8EB36808}.Release|Any CPU.ActiveCfg = Release|Any CPU
		{843991E3-BD27-493B-9753-85BE8EB36808}.Release|Any CPU.Build.0 = Release|Any CPU
		{571F594A-9ECA-4A7A-81B9-DF45CF49A54A}.Debug|Any CPU.ActiveCfg = Debug|Any CPU
		{571F594A-9ECA-4A7A-81B9-DF45CF49A54A}.Debug|Any CPU.Build.0 = Debug|Any CPU
		{571F594A-9ECA-4A7A-81B9-DF45CF49A54A}.Release|Any CPU.ActiveCfg = Release|Any CPU
		{571F594A-9ECA-4A7A-81B9-DF45CF49A54A}.Release|Any CPU.Build.0 = Release|Any CPU
	EndGlobalSection
	GlobalSection(SolutionProperties) = preSolution
		HideSolutionNode = FALSE
	EndGlobalSection
	GlobalSection(NestedProjects) = preSolution
		{D3276FB5-A36A-45B9-8509-C15AB6C69A3B} = {667F4781-5E88-41B3-A8DD-A595320DB88E}
		{44C512F8-4F2A-4413-BAFD-7386C9A3F650} = {D3276FB5-A36A-45B9-8509-C15AB6C69A3B}
		{30AE3044-88A6-42CB-A273-90DC685F92E0} = {D3276FB5-A36A-45B9-8509-C15AB6C69A3B}
		{474FC3CE-C434-4120-9B4F-0C8DB0F35B70} = {D3276FB5-A36A-45B9-8509-C15AB6C69A3B}
		{7931DA37-1315-42D8-AD7B-E213220ECA2C} = {667F4781-5E88-41B3-A8DD-A595320DB88E}
		{0AA22379-A59B-40C0-9A74-F42C43A94AAA} = {7931DA37-1315-42D8-AD7B-E213220ECA2C}
		{35BC331C-2867-4C02-A08E-9247AF8A6183} = {667F4781-5E88-41B3-A8DD-A595320DB88E}
		{08DF7DF9-719C-4E67-8DB7-3395A809FAEB} = {35BC331C-2867-4C02-A08E-9247AF8A6183}
		{ED0190D5-6CA2-4DC8-A34D-21A1064B6E13} = {667F4781-5E88-41B3-A8DD-A595320DB88E}
		{ED4AAB65-7D8D-4894-869B-7232C56D6A22} = {ED0190D5-6CA2-4DC8-A34D-21A1064B6E13}
		{317DF99C-BC9A-4072-AF2C-AC35B300C980} = {ED0190D5-6CA2-4DC8-A34D-21A1064B6E13}
		{CEF1D20B-A780-4488-8BDA-B00713EA243C} = {667F4781-5E88-41B3-A8DD-A595320DB88E}
		{F56D0E7B-442F-472C-896F-AD4A1C12A69F} = {CEF1D20B-A780-4488-8BDA-B00713EA243C}
		{1FB6B279-21F1-467C-9F2F-AEB73046FCA0} = {667F4781-5E88-41B3-A8DD-A595320DB88E}
		{BE2E7EE8-2E62-4179-A0AC-59D0E01AF16D} = {1FB6B279-21F1-467C-9F2F-AEB73046FCA0}
		{ED2D3684-1AA6-4156-BECF-F8C1EB0FB8F8} = {1FB6B279-21F1-467C-9F2F-AEB73046FCA0}
		{843991E3-BD27-493B-9753-85BE8EB36808} = {1FB6B279-21F1-467C-9F2F-AEB73046FCA0}
		{571F594A-9ECA-4A7A-81B9-DF45CF49A54A} = {1FB6B279-21F1-467C-9F2F-AEB73046FCA0}
	EndGlobalSection
	GlobalSection(ExtensibilityGlobals) = postSolution
		SolutionGuid = {E886C816-1CCD-4C4B-AA67-7BD73D0D4C5D}
	EndGlobalSection
EndGlobal
